{
  "name": "ui-kit",
  "version": "1.0.0",
  "lockfileVersion": 3,
  "requires": true,
  "packages": {
    "": {
      "name": "ui-kit",
      "version": "1.0.0",
      "license": "ISC",
      "peerDependencies": {
        "ci-info": "^4.3.0"
      }
    },
    "node_modules/ci-info": {
      "version": "4.3.0",
      "resolved": "https://registry.npmjs.org/ci-info/-/ci-info-4.3.0.tgz",
      "integrity": "sha512-l+2bNRMiQgcfILUi33labAZYIWlH1kWDp+ecNo5iisRKrbm0xcRyCww71/YU0Fkw0mAFpz9bJayXPjey6vkmaQ==",
      "funding": [
        {
          "type": "github",
          "url": "https://github.com/sponsors/sibiraj-s"
        }
      ],
      "license": "MIT",
      "peer": true,
      "engines": {
        "node": ">=8"
      }
    }
  }
}
